schema: '2.0'
stages:
  prepare:
    cmd: python src/prepare.py data/raw data/prepared
    deps:
    - path: data/raw
      hash: md5
      md5: 164a6cb518d9ca2411447538b1081e60.dir
      size: 3215871
      nfiles: 5
    - path: src/data_loader.py
      hash: md5
      md5: 2dfc5c40ff4f5deb576c613544cf6442
      size: 1046
    - path: src/prepare.py
      hash: md5
      md5: d6370479099a96afb156f4c5ebef474d
      size: 705
    outs:
    - path: data/prepared
      hash: md5
      md5: 863fc9419e68fb3b481e0f0f87a1e7f3.dir
      size: 41113267
      nfiles: 1
  train:
    cmd: python src/train.py
    deps:
    - path: data/prepared
      hash: md5
      md5: 863fc9419e68fb3b481e0f0f87a1e7f3.dir
      size: 41113267
      nfiles: 1
    - path: src/preprocessing.py
      hash: md5
      md5: 6ad679962a8ae5b62bd278ad296f37d3
      size: 1876
      isexec: true
    - path: src/train.py
      hash: md5
      md5: 03bdf9ee7318f3caea922e7f06498aa6
      size: 7587
      isexec: true
    params:
      params.yaml:
        experiment.author: Andrii
        experiment.dataset_version: v1
        experiment.experiment_name: Walmart_TimeSeries
        model.max_depth: 8
        model.model_type: XGBoost
        model.n_estimators: 121
    outs:
    - path: latest_run.json
      hash: md5
      md5: 35494e08b2a2e7e0593e765a3d4654cb
      size: 97
    - path: metrics.json
      hash: md5
      md5: 85981f50a67851c6a2e283047123f7c0
      size: 134
    - path: model.pkl
      hash: md5
      md5: b7537404b001c050bd4535fc87294bec
      size: 1695366
    - path: models
      hash: md5
      md5: 5aa1bf87f5afe2deed76c2cb6051f9a0.dir
      size: 1695145
      nfiles: 5
    - path: true_vs_predicted_plot.png
      hash: md5
      md5: 38b5af2fb31b4bbb8359f8f534baa01c
      size: 156394
